[[package]]
name = "arxiv"
version = "1.4.2"
description = "Python wrapper for the arXiv API: http://arxiv.org/help/api/"
category = "main"
optional = false
python-versions = "*"

[package.dependencies]
feedparser = "*"

[[package]]
name = "backoff"
version = "2.1.2"
description = "Function decoration for backoff and retry"
category = "main"
optional = false
python-versions = ">=3.7,<4.0"

[[package]]
name = "certifi"
version = "2022.6.15"
description = "Python package for providing Mozilla's CA Bundle."
category = "main"
optional = false
python-versions = ">=3.6"

[[package]]
name = "charset-normalizer"
version = "2.1.1"
description = "The Real First Universal Charset Detector. Open, modern and actively maintained alternative to Chardet."
category = "main"
optional = false
python-versions = ">=3.6.0"

[package.extras]
unicode_backport = ["unicodedata2"]

[[package]]
name = "citeproc-py"
version = "0.6.0-5-g3748be5"
description = "Citations and bibliography formatter"
category = "main"
optional = false
python-versions = ">=3.6"
develop = false

[package.dependencies]
lxml = "*"

[package.source]
type = "git"
url = "https://github.com/phfaist/citeproc-py.git"
reference = "master"
resolved_reference = "3748be5bb945e5d7e47579a619dd49a1f039f075"

[[package]]
name = "feedparser"
version = "6.0.10"
description = "Universal feed parser, handles RSS 0.9x, RSS 1.0, RSS 2.0, CDF, Atom 0.3, and Atom 1.0 feeds"
category = "main"
optional = false
python-versions = ">=3.6"

[package.dependencies]
sgmllib3k = "*"

[[package]]
name = "idna"
version = "3.3"
description = "Internationalized Domain Names in Applications (IDNA)"
category = "main"
optional = false
python-versions = ">=3.5"

[[package]]
name = "llm"
version = "0.1.0beta000010"
description = "Latex-Like Markup"
category = "main"
optional = false
python-versions = "^3.8"
develop = false

[package.dependencies]
pylatexenc = {git = "https://github.com/phfaist/pylatexenc.git", branch = "devel"}
python-frontmatter = "^1.0.0"

[package.extras]
buildjslib = ["Transcrypt (>=3.9.0,<4.0.0)", "PyYAML (>=6.0,<7.0)"]

[package.source]
type = "git"
url = "https://github.com/phfaist/llm.git"
reference = "main"
resolved_reference = "c2df46e636674334b40843b5a7611afd785a6e1f"

[[package]]
name = "lxml"
version = "4.9.1"
description = "Powerful and Pythonic XML processing library combining libxml2/libxslt with the ElementTree API."
category = "main"
optional = false
python-versions = ">=2.7, !=3.0.*, !=3.1.*, !=3.2.*, !=3.3.*, != 3.4.*"

[package.extras]
cssselect = ["cssselect (>=0.7)"]
html5 = ["html5lib"]
htmlsoup = ["beautifulsoup4"]
source = ["Cython (>=0.29.7)"]

[[package]]
name = "pylatexenc"
version = "3.0alpha000007"
description = "Simple LaTeX parser providing latex-to-unicode and unicode-to-latex conversion"
category = "main"
optional = false
python-versions = "^3.6" # argh...
develop = false

[package.extras]
buildjslib = ["Transcrypt (>=3.9.0,<4.0.0)", "PyYAML (>=6.0,<7.0)"]

[package.source]
type = "git"
url = "https://github.com/phfaist/pylatexenc.git"
reference = "devel"
resolved_reference = "907ac7f45cc31f5ed6b566ad897fac8be53c2cf0"

[[package]]
name = "python-frontmatter"
version = "1.0.0"
description = "Parse and manage posts with YAML (or other) frontmatter"
category = "main"
optional = false
python-versions = "*"

[package.dependencies]
PyYAML = "*"

[package.extras]
test = ["pyaml", "toml", "pytest"]
docs = ["sphinx"]

[[package]]
name = "pyyaml"
version = "6.0"
description = "YAML parser and emitter for Python"
category = "main"
optional = false
python-versions = ">=3.6"

[[package]]
name = "requests"
version = "2.28.1"
description = "Python HTTP for Humans."
category = "main"
optional = false
python-versions = ">=3.7, <4"

[package.dependencies]
certifi = ">=2017.4.17"
charset-normalizer = ">=2,<3"
idna = ">=2.5,<4"
urllib3 = ">=1.21.1,<1.27"

[package.extras]
socks = ["PySocks (>=1.5.6,!=1.5.7)"]
use_chardet_on_py3 = ["chardet (>=3.0.2,<6)"]

[[package]]
name = "sgmllib3k"
version = "1.0.0"
description = "Py3k port of sgmllib."
category = "main"
optional = false
python-versions = "*"

[[package]]
name = "urllib3"
version = "1.26.12"
description = "HTTP library with thread-safe connection pooling, file post, and more."
category = "main"
optional = false
python-versions = ">=2.7, !=3.0.*, !=3.1.*, !=3.2.*, !=3.3.*, !=3.4.*, !=3.5.*, <4"

[package.extras]
brotli = ["brotlicffi (>=0.8.0)", "brotli (>=1.0.9)", "brotlipy (>=0.6.0)"]
secure = ["pyOpenSSL (>=0.14)", "cryptography (>=1.3.4)", "idna (>=2.0.0)", "certifi", "urllib3-secure-extra", "ipaddress"]
socks = ["PySocks (>=1.5.6,!=1.5.7,<2.0)"]

[metadata]
lock-version = "1.1"
python-versions = "^3.8"
content-hash = "c307f64c4a3982445a74eba10d29cd64fe8a0c0df2835d4a86e6be992c5ad1a5"

[metadata.files]
arxiv = []
backoff = []
certifi = []
charset-normalizer = []
citeproc-py = []
feedparser = []
idna = []
llm = []
lxml = []
pylatexenc = []
python-frontmatter = []
pyyaml = []
requests = []
sgmllib3k = []
urllib3 = []
